
Microsoft Visual Studio Solution File, Format Version 12.00
# Visual Studio Version 16
VisualStudioVersion = 16.0.30804.86
MinimumVisualStudioVersion = 10.0.40219.1
Project("{FAE04EC0-301F-11D3-BF4B-00C04F79EFBC}") = "Garage2", "Garage2\Garage2.csproj", "{108B93C7-B88A-4B46-BB2B-BC8D8AD3EAE4}"
EndProject
Global
	GlobalSection(SolutionConfigurationPlatforms) = preSolution
		Debug|Any CPU = Debug|Any CPU
		Release|Any CPU = Release|Any CPU
	EndGlobalSection
	GlobalSection(ProjectConfigurationPlatforms) = postSolution
		{108B93C7-B88A-4B46-BB2B-BC8D8AD3EAE4}.Debug|Any CPU.ActiveCfg = Debug|Any CPU
		{108B93C7-B88A-4B46-BB2B-BC8D8AD3EAE4}.Debug|Any CPU.Build.0 = Debug|Any CPU
		{108B93C7-B88A-4B46-BB2B-BC8D8AD3EAE4}.Release|Any CPU.ActiveCfg = Release|Any CPU
		{108B93C7-B88A-4B46-BB2B-BC8D8AD3EAE4}.Release|Any CPU.Build.0 = Release|Any CPU
	EndGlobalSection
	GlobalSection(SolutionProperties) = preSolution
		HideSolutionNode = FALSE
	EndGlobalSection
	GlobalSection(ExtensibilityGlobals) = postSolution
		SolutionGuid = {EE0EFE64-583B-4B2E-82E7-3E85EC77EBB7}
	EndGlobalSection
EndGlobal
